
Microsoft Visual Studio Solution File, Format Version 12.00
# Visual Studio 15
VisualStudioVersion = 15.0.27428.2015
MinimumVisualStudioVersion = 10.0.40219.1
Project("{FAE04EC0-301F-11D3-BF4B-00C04F79EFBC}") = "Quiz1Flights", "Quiz1Flights\Quiz1Flights.csproj", "{D5A7A4EA-6DE1-4893-83AF-DB61E30305AD}"
EndProject
Global
	GlobalSection(SolutionConfigurationPlatforms) = preSolution
		Debug|Any CPU = Debug|Any CPU
		Release|Any CPU = Release|Any CPU
	EndGlobalSection
	GlobalSection(ProjectConfigurationPlatforms) = postSolution
		{D5A7A4EA-6DE1-4893-83AF-DB61E30305AD}.Debug|Any CPU.ActiveCfg = Debug|Any CPU
		{D5A7A4EA-6DE1-4893-83AF-DB61E30305AD}.Debug|Any CPU.Build.0 = Debug|Any CPU
		{D5A7A4EA-6DE1-4893-83AF-DB61E30305AD}.Release|Any CPU.ActiveCfg = Release|Any CPU
		{D5A7A4EA-6DE1-4893-83AF-DB61E30305AD}.Release|Any CPU.Build.0 = Release|Any CPU
	EndGlobalSection
	GlobalSection(SolutionProperties) = preSolution
		HideSolutionNode = FALSE
	EndGlobalSection
	GlobalSection(ExtensibilityGlobals) = postSolution
		SolutionGuid = {A834AA90-4254-4CF3-BDB1-0712AD790FAB}
	EndGlobalSection
EndGlobal
